
Microsoft Visual Studio Solution File, Format Version 12.00
# Visual Studio Version 16
VisualStudioVersion = 16.0.30523.141
MinimumVisualStudioVersion = 10.0.40219.1
Project("{FAE04EC0-301F-11D3-BF4B-00C04F79EFBC}") = "LP2SoftV2", "LP2SoftV2\LP2SoftV2.csproj", "{67CB8683-4D78-4661-9112-61E3049E2686}"
EndProject
Project("{FAE04EC0-301F-11D3-BF4B-00C04F79EFBC}") = "LP2SoftModelV2", "LP2SoftModelV2\LP2SoftModelV2.csproj", "{3A6DD1B2-D342-433C-8127-75E60E0EE163}"
EndProject
Global
	GlobalSection(SolutionConfigurationPlatforms) = preSolution
		Debug|Any CPU = Debug|Any CPU
		Release|Any CPU = Release|Any CPU
	EndGlobalSection
	GlobalSection(ProjectConfigurationPlatforms) = postSolution
		{67CB8683-4D78-4661-9112-61E3049E2686}.Debug|Any CPU.ActiveCfg = Debug|Any CPU
		{67CB8683-4D78-4661-9112-61E3049E2686}.Debug|Any CPU.Build.0 = Debug|Any CPU
		{67CB8683-4D78-4661-9112-61E3049E2686}.Release|Any CPU.ActiveCfg = Release|Any CPU
		{67CB8683-4D78-4661-9112-61E3049E2686}.Release|Any CPU.Build.0 = Release|Any CPU
		{3A6DD1B2-D342-433C-8127-75E60E0EE163}.Debug|Any CPU.ActiveCfg = Debug|Any CPU
		{3A6DD1B2-D342-433C-8127-75E60E0EE163}.Debug|Any CPU.Build.0 = Debug|Any CPU
		{3A6DD1B2-D342-433C-8127-75E60E0EE163}.Release|Any CPU.ActiveCfg = Release|Any CPU
		{3A6DD1B2-D342-433C-8127-75E60E0EE163}.Release|Any CPU.Build.0 = Release|Any CPU
	EndGlobalSection
	GlobalSection(SolutionProperties) = preSolution
		HideSolutionNode = FALSE
	EndGlobalSection
	GlobalSection(ExtensibilityGlobals) = postSolution
		SolutionGuid = {43222485-7F02-448A-B496-C4FB8CE3B062}
	EndGlobalSection
EndGlobal
